
Microsoft Visual Studio Solution File, Format Version 12.00
# Visual Studio Version 17
VisualStudioVersion = 17.5.33502.453
MinimumVisualStudioVersion = 10.0.40219.1
Project("{9A19103F-16F7-4668-BE54-9A1E7A4F7556}") = "YUpDown.Processing.Host", "YUpDown.Processing.Host\YUpDown.Processing.Host.csproj", "{6A26079A-FE00-496F-A489-0D85A5E49532}"
EndProject
Project("{9A19103F-16F7-4668-BE54-9A1E7A4F7556}") = "YUpDown.Processing.Server", "YUpDown.Processing.Server\YUpDown.Processing.Server.csproj", "{FB79F88D-93DC-45C1-A07A-B35FD321BA44}"
EndProject
Project("{9A19103F-16F7-4668-BE54-9A1E7A4F7556}") = "YUpDown.Processing.Application", "YUpDown.Processing.Application\YUpDown.Processing.Application.csproj", "{7844D3C5-E54F-49CC-8F9F-FA15330CEC48}"
EndProject
Project("{9A19103F-16F7-4668-BE54-9A1E7A4F7556}") = "YUpDown.Processing.Server.Interface", "YUpDown.Processing.Server.Interface\YUpDown.Processing.Server.Interface.csproj", "{33DAA4BB-2A8D-4118-8277-48F314E48265}"
EndProject
Project("{9A19103F-16F7-4668-BE54-9A1E7A4F7556}") = "YUpDown.Processing.Messaging", "YUpDown.Processing.Messaging\YUpDown.Processing.Messaging.csproj", "{98E109E1-5AEC-4B10-8B58-E0A9F03DC753}"
EndProject
Project("{FAE04EC0-301F-11D3-BF4B-00C04F79EFBC}") = "YUpDown.Processing.Core", "YUpDown.Processing.Core\YUpDown.Processing.Core.csproj", "{804C1862-91F5-491B-B8CE-B603C9026083}"
EndProject
Global
	GlobalSection(SolutionConfigurationPlatforms) = preSolution
		Debug|Any CPU = Debug|Any CPU
		Release|Any CPU = Release|Any CPU
	EndGlobalSection
	GlobalSection(ProjectConfigurationPlatforms) = postSolution
		{6A26079A-FE00-496F-A489-0D85A5E49532}.Debug|Any CPU.ActiveCfg = Debug|Any CPU
		{6A26079A-FE00-496F-A489-0D85A5E49532}.Debug|Any CPU.Build.0 = Debug|Any CPU
		{6A26079A-FE00-496F-A489-0D85A5E49532}.Release|Any CPU.ActiveCfg = Release|Any CPU
		{6A26079A-FE00-496F-A489-0D85A5E49532}.Release|Any CPU.Build.0 = Release|Any CPU
		{FB79F88D-93DC-45C1-A07A-B35FD321BA44}.Debug|Any CPU.ActiveCfg = Debug|Any CPU
		{FB79F88D-93DC-45C1-A07A-B35FD321BA44}.Debug|Any CPU.Build.0 = Debug|Any CPU
		{FB79F88D-93DC-45C1-A07A-B35FD321BA44}.Release|Any CPU.ActiveCfg = Release|Any CPU
		{FB79F88D-93DC-45C1-A07A-B35FD321BA44}.Release|Any CPU.Build.0 = Release|Any CPU
		{7844D3C5-E54F-49CC-8F9F-FA15330CEC48}.Debug|Any CPU.ActiveCfg = Debug|Any CPU
		{7844D3C5-E54F-49CC-8F9F-FA15330CEC48}.Debug|Any CPU.Build.0 = Debug|Any CPU
		{7844D3C5-E54F-49CC-8F9F-FA15330CEC48}.Release|Any CPU.ActiveCfg = Release|Any CPU
		{7844D3C5-E54F-49CC-8F9F-FA15330CEC48}.Release|Any CPU.Build.0 = Release|Any CPU
		{33DAA4BB-2A8D-4118-8277-48F314E48265}.Debug|Any CPU.ActiveCfg = Debug|Any CPU
		{33DAA4BB-2A8D-4118-8277-48F314E48265}.Debug|Any CPU.Build.0 = Debug|Any CPU
		{33DAA4BB-2A8D-4118-8277-48F314E48265}.Release|Any CPU.ActiveCfg = Release|Any CPU
		{33DAA4BB-2A8D-4118-8277-48F314E48265}.Release|Any CPU.Build.0 = Release|Any CPU
		{98E109E1-5AEC-4B10-8B58-E0A9F03DC753}.Debug|Any CPU.ActiveCfg = Debug|Any CPU
		{98E109E1-5AEC-4B10-8B58-E0A9F03DC753}.Debug|Any CPU.Build.0 = Debug|Any CPU
		{98E109E1-5AEC-4B10-8B58-E0A9F03DC753}.Release|Any CPU.ActiveCfg = Release|Any CPU
		{98E109E1-5AEC-4B10-8B58-E0A9F03DC753}.Release|Any CPU.Build.0 = Release|Any CPU
		{804C1862-91F5-491B-B8CE-B603C9026083}.Debug|Any CPU.ActiveCfg = Debug|Any CPU
		{804C1862-91F5-491B-B8CE-B603C9026083}.Debug|Any CPU.Build.0 = Debug|Any CPU
		{804C1862-91F5-491B-B8CE-B603C9026083}.Release|Any CPU.ActiveCfg = Release|Any CPU
		{804C1862-91F5-491B-B8CE-B603C9026083}.Release|Any CPU.Build.0 = Release|Any CPU
	EndGlobalSection
	GlobalSection(SolutionProperties) = preSolution
		HideSolutionNode = FALSE
	EndGlobalSection
	GlobalSection(ExtensibilityGlobals) = postSolution
		SolutionGuid = {CC72D51D-A7F3-4D4C-8AB5-0F4A9D35FB30}
	EndGlobalSection
EndGlobal
